
Microsoft Visual Studio Solution File, Format Version 12.00
# Visual Studio Version 16
VisualStudioVersion = 16.0.32602.291
MinimumVisualStudioVersion = 10.0.40219.1
Project("{FAE04EC0-301F-11D3-BF4B-00C04F79EFBC}") = "Project Electric Bill", "Project Electric Bill\Project Electric Bill.csproj", "{FE550BFD-F52B-4666-8D4E-BD5875B53F45}"
EndProject
Global
	GlobalSection(SolutionConfigurationPlatforms) = preSolution
		Debug|Any CPU = Debug|Any CPU
		Release|Any CPU = Release|Any CPU
	EndGlobalSection
	GlobalSection(ProjectConfigurationPlatforms) = postSolution
		{FE550BFD-F52B-4666-8D4E-BD5875B53F45}.Debug|Any CPU.ActiveCfg = Debug|Any CPU
		{FE550BFD-F52B-4666-8D4E-BD5875B53F45}.Debug|Any CPU.Build.0 = Debug|Any CPU
		{FE550BFD-F52B-4666-8D4E-BD5875B53F45}.Release|Any CPU.ActiveCfg = Release|Any CPU
		{FE550BFD-F52B-4666-8D4E-BD5875B53F45}.Release|Any CPU.Build.0 = Release|Any CPU
	EndGlobalSection
	GlobalSection(SolutionProperties) = preSolution
		HideSolutionNode = FALSE
	EndGlobalSection
	GlobalSection(ExtensibilityGlobals) = postSolution
		SolutionGuid = {9C3180BD-B147-4DAF-B79F-D745C695479D}
	EndGlobalSection
EndGlobal
